# Generated by pub
# See https://dart.dev/tools/pub/glossary#lockfile
packages:
  flutter:
    dependency: "direct main"
    description:
      path: flutter
      relative: true
    source: path
    version: "1.0.0"
  lints:
    dependency: "direct dev"
    description:
      name: lints
      sha256: a5e2b223cb7c9c8efdc663ef484fdd95bb243bff242ef5b13e26883547fce9a0
      url: "https://pub.dev"
    source: hosted
    version: "6.0.0"
  path_provider:
    dependency: "direct main"
    description:
      path: pathprovider
      relative: true
    source: path
    version: "1.0.0"
sdks:
  dart: ">=3.8.0-0 <4.0.0"
